
Microsoft Visual Studio Solution File, Format Version 12.00
# Visual Studio Version 17
VisualStudioVersion = 17.0.31717.71
MinimumVisualStudioVersion = 10.0.40219.1
Project("{9A19103F-16F7-4668-BE54-9A1E7A4F7556}") = "NgsPacker", "NgsPacker\NgsPacker.csproj", "{1469A306-6324-4E7D-B435-C0DA536C3D9F}"
EndProject
Project("{2150E333-8FDC-42A3-9474-1A3956D46DE8}") = "Solution Items", "Solution Items", "{1890804D-C1D4-4DC0-B739-4F87BC075825}"
	ProjectSection(SolutionItems) = preProject
		.editorconfig = .editorconfig
		.gitignore = .gitignore
		.gitmodules = .gitmodules
		LICENSE = LICENSE
		ZamboniLib\ooz-sys\ooz.vcxproj = ZamboniLib\ooz-sys\ooz.vcxproj
		Readme.md = Readme.md
		stylecop.json = stylecop.json
	EndProjectSection
EndProject
Project("{C7167F0D-BC9F-4E6E-AFE1-012C56B48DB5}") = "NgsPacker (Package)", "NgsPacker (Package)\NgsPacker (Package).wapproj", "{9B4F198F-785A-4203-AC41-CE8AA6C28217}"
EndProject
Project("{9A19103F-16F7-4668-BE54-9A1E7A4F7556}") = "ZamboniLib", "ZamboniLib\ZamboniLib\ZamboniLib.csproj", "{2F24AB89-3D2D-4DB4-A054-718B61C936B7}"
EndProject
Project("{9A19103F-16F7-4668-BE54-9A1E7A4F7556}") = "ProgressModule", "ProgressModule\ProgressModule.csproj", "{68CCB1A5-46F0-4960-9F64-4C7B2CF48108}"
EndProject
Global
	GlobalSection(SolutionConfigurationPlatforms) = preSolution
		Debug|Any CPU = Debug|Any CPU
		Debug|ARM = Debug|ARM
		Debug|arm64 = Debug|arm64
		Debug|x64 = Debug|x64
		Debug|x86 = Debug|x86
		Experimental|Any CPU = Experimental|Any CPU
		Experimental|ARM = Experimental|ARM
		Experimental|arm64 = Experimental|arm64
		Experimental|x64 = Experimental|x64
		Experimental|x86 = Experimental|x86
		Release|Any CPU = Release|Any CPU
		Release|ARM = Release|ARM
		Release|arm64 = Release|arm64
		Release|x64 = Release|x64
		Release|x86 = Release|x86
	EndGlobalSection
	GlobalSection(ProjectConfigurationPlatforms) = postSolution
		{1469A306-6324-4E7D-B435-C0DA536C3D9F}.Debug|Any CPU.ActiveCfg = Debug|Any CPU
		{1469A306-6324-4E7D-B435-C0DA536C3D9F}.Debug|Any CPU.Build.0 = Debug|Any CPU
		{1469A306-6324-4E7D-B435-C0DA536C3D9F}.Debug|ARM.ActiveCfg = Debug|Any CPU
		{1469A306-6324-4E7D-B435-C0DA536C3D9F}.Debug|ARM.Build.0 = Debug|Any CPU
		{1469A306-6324-4E7D-B435-C0DA536C3D9F}.Debug|arm64.ActiveCfg = Debug|Any CPU
		{1469A306-6324-4E7D-B435-C0DA536C3D9F}.Debug|arm64.Build.0 = Debug|Any CPU
		{1469A306-6324-4E7D-B435-C0DA536C3D9F}.Debug|x64.ActiveCfg = Debug|Any CPU
		{1469A306-6324-4E7D-B435-C0DA536C3D9F}.Debug|x64.Build.0 = Debug|Any CPU
		{1469A306-6324-4E7D-B435-C0DA536C3D9F}.Debug|x86.ActiveCfg = Debug|Any CPU
		{1469A306-6324-4E7D-B435-C0DA536C3D9F}.Debug|x86.Build.0 = Debug|Any CPU
		{1469A306-6324-4E7D-B435-C0DA536C3D9F}.Experimental|Any CPU.ActiveCfg = Release|Any CPU
		{1469A306-6324-4E7D-B435-C0DA536C3D9F}.Experimental|Any CPU.Build.0 = Release|Any CPU
		{1469A306-6324-4E7D-B435-C0DA536C3D9F}.Experimental|ARM.ActiveCfg = Release|Any CPU
		{1469A306-6324-4E7D-B435-C0DA536C3D9F}.Experimental|ARM.Build.0 = Release|Any CPU
		{1469A306-6324-4E7D-B435-C0DA536C3D9F}.Experimental|arm64.ActiveCfg = Release|Any CPU
		{1469A306-6324-4E7D-B435-C0DA536C3D9F}.Experimental|arm64.Build.0 = Release|Any CPU
		{1469A306-6324-4E7D-B435-C0DA536C3D9F}.Experimental|x64.ActiveCfg = Release|Any CPU
		{1469A306-6324-4E7D-B435-C0DA536C3D9F}.Experimental|x64.Build.0 = Release|Any CPU
		{1469A306-6324-4E7D-B435-C0DA536C3D9F}.Experimental|x86.ActiveCfg = Release|Any CPU
		{1469A306-6324-4E7D-B435-C0DA536C3D9F}.Experimental|x86.Build.0 = Release|Any CPU
		{1469A306-6324-4E7D-B435-C0DA536C3D9F}.Release|Any CPU.ActiveCfg = Release|Any CPU
		{1469A306-6324-4E7D-B435-C0DA536C3D9F}.Release|Any CPU.Build.0 = Release|Any CPU
		{1469A306-6324-4E7D-B435-C0DA536C3D9F}.Release|ARM.ActiveCfg = Release|Any CPU
		{1469A306-6324-4E7D-B435-C0DA536C3D9F}.Release|ARM.Build.0 = Release|Any CPU
		{1469A306-6324-4E7D-B435-C0DA536C3D9F}.Release|arm64.ActiveCfg = Release|Any CPU
		{1469A306-6324-4E7D-B435-C0DA536C3D9F}.Release|arm64.Build.0 = Release|Any CPU
		{1469A306-6324-4E7D-B435-C0DA536C3D9F}.Release|x64.ActiveCfg = Release|Any CPU
		{1469A306-6324-4E7D-B435-C0DA536C3D9F}.Release|x64.Build.0 = Release|Any CPU
		{1469A306-6324-4E7D-B435-C0DA536C3D9F}.Release|x86.ActiveCfg = Release|Any CPU
		{1469A306-6324-4E7D-B435-C0DA536C3D9F}.Release|x86.Build.0 = Release|Any CPU
		{9B4F198F-785A-4203-AC41-CE8AA6C28217}.Debug|Any CPU.ActiveCfg = Debug|Any CPU
		{9B4F198F-785A-4203-AC41-CE8AA6C28217}.Debug|Any CPU.Build.0 = Debug|Any CPU
		{9B4F198F-785A-4203-AC41-CE8AA6C28217}.Debug|Any CPU.Deploy.0 = Debug|Any CPU
		{9B4F198F-785A-4203-AC41-CE8AA6C28217}.Debug|ARM.ActiveCfg = Debug|ARM
		{9B4F198F-785A-4203-AC41-CE8AA6C28217}.Debug|ARM.Build.0 = Debug|ARM
		{9B4F198F-785A-4203-AC41-CE8AA6C28217}.Debug|ARM.Deploy.0 = Debug|ARM
		{9B4F198F-785A-4203-AC41-CE8AA6C28217}.Debug|arm64.ActiveCfg = Debug|ARM64
		{9B4F198F-785A-4203-AC41-CE8AA6C28217}.Debug|arm64.Build.0 = Debug|ARM64
		{9B4F198F-785A-4203-AC41-CE8AA6C28217}.Debug|arm64.Deploy.0 = Debug|ARM64
		{9B4F198F-785A-4203-AC41-CE8AA6C28217}.Debug|x64.ActiveCfg = Debug|x64
		{9B4F198F-785A-4203-AC41-CE8AA6C28217}.Debug|x64.Build.0 = Debug|x64
		{9B4F198F-785A-4203-AC41-CE8AA6C28217}.Debug|x64.Deploy.0 = Debug|x64
		{9B4F198F-785A-4203-AC41-CE8AA6C28217}.Debug|x86.ActiveCfg = Debug|x86
		{9B4F198F-785A-4203-AC41-CE8AA6C28217}.Debug|x86.Build.0 = Debug|x86
		{9B4F198F-785A-4203-AC41-CE8AA6C28217}.Debug|x86.Deploy.0 = Debug|x86
		{9B4F198F-785A-4203-AC41-CE8AA6C28217}.Experimental|Any CPU.ActiveCfg = Release|Any CPU
		{9B4F198F-785A-4203-AC41-CE8AA6C28217}.Experimental|Any CPU.Build.0 = Release|Any CPU
		{9B4F198F-785A-4203-AC41-CE8AA6C28217}.Experimental|Any CPU.Deploy.0 = Release|Any CPU
		{9B4F198F-785A-4203-AC41-CE8AA6C28217}.Experimental|ARM.ActiveCfg = Debug|ARM
		{9B4F198F-785A-4203-AC41-CE8AA6C28217}.Experimental|ARM.Build.0 = Debug|ARM
		{9B4F198F-785A-4203-AC41-CE8AA6C28217}.Experimental|ARM.Deploy.0 = Debug|ARM
		{9B4F198F-785A-4203-AC41-CE8AA6C28217}.Experimental|arm64.ActiveCfg = Debug|ARM64
		{9B4F198F-785A-4203-AC41-CE8AA6C28217}.Experimental|arm64.Build.0 = Debug|ARM64
		{9B4F198F-785A-4203-AC41-CE8AA6C28217}.Experimental|arm64.Deploy.0 = Debug|ARM64
		{9B4F198F-785A-4203-AC41-CE8AA6C28217}.Experimental|x64.ActiveCfg = Debug|x64
		{9B4F198F-785A-4203-AC41-CE8AA6C28217}.Experimental|x64.Build.0 = Debug|x64
		{9B4F198F-785A-4203-AC41-CE8AA6C28217}.Experimental|x64.Deploy.0 = Debug|x64
		{9B4F198F-785A-4203-AC41-CE8AA6C28217}.Experimental|x86.ActiveCfg = Debug|x86
		{9B4F198F-785A-4203-AC41-CE8AA6C28217}.Experimental|x86.Build.0 = Debug|x86
		{9B4F198F-785A-4203-AC41-CE8AA6C28217}.Experimental|x86.Deploy.0 = Debug|x86
		{9B4F198F-785A-4203-AC41-CE8AA6C28217}.Release|Any CPU.ActiveCfg = Release|Any CPU
		{9B4F198F-785A-4203-AC41-CE8AA6C28217}.Release|Any CPU.Build.0 = Release|Any CPU
		{9B4F198F-785A-4203-AC41-CE8AA6C28217}.Release|Any CPU.Deploy.0 = Release|Any CPU
		{9B4F198F-785A-4203-AC41-CE8AA6C28217}.Release|ARM.ActiveCfg = Release|ARM
		{9B4F198F-785A-4203-AC41-CE8AA6C28217}.Release|ARM.Build.0 = Release|ARM
		{9B4F198F-785A-4203-AC41-CE8AA6C28217}.Release|ARM.Deploy.0 = Release|ARM
		{9B4F198F-785A-4203-AC41-CE8AA6C28217}.Release|arm64.ActiveCfg = Release|ARM64
		{9B4F198F-785A-4203-AC41-CE8AA6C28217}.Release|arm64.Build.0 = Release|ARM64
		{9B4F198F-785A-4203-AC41-CE8AA6C28217}.Release|arm64.Deploy.0 = Release|ARM64
		{9B4F198F-785A-4203-AC41-CE8AA6C28217}.Release|x64.ActiveCfg = Release|x64
		{9B4F198F-785A-4203-AC41-CE8AA6C28217}.Release|x64.Build.0 = Release|x64
		{9B4F198F-785A-4203-AC41-CE8AA6C28217}.Release|x64.Deploy.0 = Release|x64
		{9B4F198F-785A-4203-AC41-CE8AA6C28217}.Release|x86.ActiveCfg = Release|x86
		{9B4F198F-785A-4203-AC41-CE8AA6C28217}.Release|x86.Build.0 = Release|x86
		{9B4F198F-785A-4203-AC41-CE8AA6C28217}.Release|x86.Deploy.0 = Release|x86
		{2F24AB89-3D2D-4DB4-A054-718B61C936B7}.Debug|Any CPU.ActiveCfg = Debug|Any CPU
		{2F24AB89-3D2D-4DB4-A054-718B61C936B7}.Debug|Any CPU.Build.0 = Debug|Any CPU
		{2F24AB89-3D2D-4DB4-A054-718B61C936B7}.Debug|ARM.ActiveCfg = Debug|Any CPU
		{2F24AB89-3D2D-4DB4-A054-718B61C936B7}.Debug|ARM.Build.0 = Debug|Any CPU
		{2F24AB89-3D2D-4DB4-A054-718B61C936B7}.Debug|arm64.ActiveCfg = Debug|Any CPU
		{2F24AB89-3D2D-4DB4-A054-718B61C936B7}.Debug|arm64.Build.0 = Debug|Any CPU
		{2F24AB89-3D2D-4DB4-A054-718B61C936B7}.Debug|x64.ActiveCfg = Debug|Any CPU
		{2F24AB89-3D2D-4DB4-A054-718B61C936B7}.Debug|x64.Build.0 = Debug|Any CPU
		{2F24AB89-3D2D-4DB4-A054-718B61C936B7}.Debug|x86.ActiveCfg = Debug|Any CPU
		{2F24AB89-3D2D-4DB4-A054-718B61C936B7}.Debug|x86.Build.0 = Debug|Any CPU
		{2F24AB89-3D2D-4DB4-A054-718B61C936B7}.Experimental|Any CPU.ActiveCfg = Debug|Any CPU
		{2F24AB89-3D2D-4DB4-A054-718B61C936B7}.Experimental|Any CPU.Build.0 = Debug|Any CPU
		{2F24AB89-3D2D-4DB4-A054-718B61C936B7}.Experimental|ARM.ActiveCfg = Debug|Any CPU
		{2F24AB89-3D2D-4DB4-A054-718B61C936B7}.Experimental|ARM.Build.0 = Debug|Any CPU
		{2F24AB89-3D2D-4DB4-A054-718B61C936B7}.Experimental|arm64.ActiveCfg = Debug|Any CPU
		{2F24AB89-3D2D-4DB4-A054-718B61C936B7}.Experimental|arm64.Build.0 = Debug|Any CPU
		{2F24AB89-3D2D-4DB4-A054-718B61C936B7}.Experimental|x64.ActiveCfg = Debug|Any CPU
		{2F24AB89-3D2D-4DB4-A054-718B61C936B7}.Experimental|x64.Build.0 = Debug|Any CPU
		{2F24AB89-3D2D-4DB4-A054-718B61C936B7}.Experimental|x86.ActiveCfg = Debug|Any CPU
		{2F24AB89-3D2D-4DB4-A054-718B61C936B7}.Experimental|x86.Build.0 = Debug|Any CPU
		{2F24AB89-3D2D-4DB4-A054-718B61C936B7}.Release|Any CPU.ActiveCfg = Release|Any CPU
		{2F24AB89-3D2D-4DB4-A054-718B61C936B7}.Release|Any CPU.Build.0 = Release|Any CPU
		{2F24AB89-3D2D-4DB4-A054-718B61C936B7}.Release|ARM.ActiveCfg = Release|Any CPU
		{2F24AB89-3D2D-4DB4-A054-718B61C936B7}.Release|ARM.Build.0 = Release|Any CPU
		{2F24AB89-3D2D-4DB4-A054-718B61C936B7}.Release|arm64.ActiveCfg = Release|Any CPU
		{2F24AB89-3D2D-4DB4-A054-718B61C936B7}.Release|arm64.Build.0 = Release|Any CPU
		{2F24AB89-3D2D-4DB4-A054-718B61C936B7}.Release|x64.ActiveCfg = Release|Any CPU
		{2F24AB89-3D2D-4DB4-A054-718B61C936B7}.Release|x64.Build.0 = Release|Any CPU
		{2F24AB89-3D2D-4DB4-A054-718B61C936B7}.Release|x86.ActiveCfg = Release|Any CPU
		{2F24AB89-3D2D-4DB4-A054-718B61C936B7}.Release|x86.Build.0 = Release|Any CPU
		{68CCB1A5-46F0-4960-9F64-4C7B2CF48108}.Debug|Any CPU.ActiveCfg = Debug|Any CPU
		{68CCB1A5-46F0-4960-9F64-4C7B2CF48108}.Debug|Any CPU.Build.0 = Debug|Any CPU
		{68CCB1A5-46F0-4960-9F64-4C7B2CF48108}.Debug|ARM.ActiveCfg = Debug|Any CPU
		{68CCB1A5-46F0-4960-9F64-4C7B2CF48108}.Debug|ARM.Build.0 = Debug|Any CPU
		{68CCB1A5-46F0-4960-9F64-4C7B2CF48108}.Debug|arm64.ActiveCfg = Debug|Any CPU
		{68CCB1A5-46F0-4960-9F64-4C7B2CF48108}.Debug|arm64.Build.0 = Debug|Any CPU
		{68CCB1A5-46F0-4960-9F64-4C7B2CF48108}.Debug|x64.ActiveCfg = Debug|Any CPU
		{68CCB1A5-46F0-4960-9F64-4C7B2CF48108}.Debug|x64.Build.0 = Debug|Any CPU
		{68CCB1A5-46F0-4960-9F64-4C7B2CF48108}.Debug|x86.ActiveCfg = Debug|Any CPU
		{68CCB1A5-46F0-4960-9F64-4C7B2CF48108}.Debug|x86.Build.0 = Debug|Any CPU
		{68CCB1A5-46F0-4960-9F64-4C7B2CF48108}.Experimental|Any CPU.ActiveCfg = Debug|Any CPU
		{68CCB1A5-46F0-4960-9F64-4C7B2CF48108}.Experimental|Any CPU.Build.0 = Debug|Any CPU
		{68CCB1A5-46F0-4960-9F64-4C7B2CF48108}.Experimental|ARM.ActiveCfg = Debug|Any CPU
		{68CCB1A5-46F0-4960-9F64-4C7B2CF48108}.Experimental|ARM.Build.0 = Debug|Any CPU
		{68CCB1A5-46F0-4960-9F64-4C7B2CF48108}.Experimental|arm64.ActiveCfg = Debug|Any CPU
		{68CCB1A5-46F0-4960-9F64-4C7B2CF48108}.Experimental|arm64.Build.0 = Debug|Any CPU
		{68CCB1A5-46F0-4960-9F64-4C7B2CF48108}.Experimental|x64.ActiveCfg = Debug|Any CPU
		{68CCB1A5-46F0-4960-9F64-4C7B2CF48108}.Experimental|x64.Build.0 = Debug|Any CPU
		{68CCB1A5-46F0-4960-9F64-4C7B2CF48108}.Experimental|x86.ActiveCfg = Debug|Any CPU
		{68CCB1A5-46F0-4960-9F64-4C7B2CF48108}.Experimental|x86.Build.0 = Debug|Any CPU
		{68CCB1A5-46F0-4960-9F64-4C7B2CF48108}.Release|Any CPU.ActiveCfg = Release|Any CPU
		{68CCB1A5-46F0-4960-9F64-4C7B2CF48108}.Release|Any CPU.Build.0 = Release|Any CPU
		{68CCB1A5-46F0-4960-9F64-4C7B2CF48108}.Release|ARM.ActiveCfg = Release|Any CPU
		{68CCB1A5-46F0-4960-9F64-4C7B2CF48108}.Release|ARM.Build.0 = Release|Any CPU
		{68CCB1A5-46F0-4960-9F64-4C7B2CF48108}.Release|arm64.ActiveCfg = Release|Any CPU
		{68CCB1A5-46F0-4960-9F64-4C7B2CF48108}.Release|arm64.Build.0 = Release|Any CPU
		{68CCB1A5-46F0-4960-9F64-4C7B2CF48108}.Release|x64.ActiveCfg = Release|Any CPU
		{68CCB1A5-46F0-4960-9F64-4C7B2CF48108}.Release|x64.Build.0 = Release|Any CPU
		{68CCB1A5-46F0-4960-9F64-4C7B2CF48108}.Release|x86.ActiveCfg = Release|Any CPU
		{68CCB1A5-46F0-4960-9F64-4C7B2CF48108}.Release|x86.Build.0 = Release|Any CPU
	EndGlobalSection
	GlobalSection(SolutionProperties) = preSolution
		HideSolutionNode = FALSE
	EndGlobalSection
	GlobalSection(ExtensibilityGlobals) = postSolution
		SolutionGuid = {02209FAF-9C01-48F5-B005-A38CACB64E18}
	EndGlobalSection
EndGlobal
